
Microsoft Visual Studio Solution File, Format Version 12.00
# Visual Studio Version 17
VisualStudioVersion = 17.9.34723.18
MinimumVisualStudioVersion = 10.0.40219.1
Project("{FAE04EC0-301F-11D3-BF4B-00C04F79EFBC}") = "EducationPortalApp.Entities", "EducationPortalApp.Entities\EducationPortalApp.Entities.csproj", "{F78CA1E8-0111-40D2-BFE7-BA2C226B25E3}"
EndProject
Project("{FAE04EC0-301F-11D3-BF4B-00C04F79EFBC}") = "EducationPortalApp.Dtos", "EducationPortalApp.Dtos\EducationPortalApp.Dtos.csproj", "{D7840FA4-D1EF-49BE-A206-03120E68F81E}"
EndProject
Project("{FAE04EC0-301F-11D3-BF4B-00C04F79EFBC}") = "EducationPortalApp.DataAccess", "EducationPortalApp.DataAccess\EducationPortalApp.DataAccess.csproj", "{C1DA9379-33E8-4B25-AAEF-496EA48B1019}"
EndProject
Project("{FAE04EC0-301F-11D3-BF4B-00C04F79EFBC}") = "EducationPortalApp.Business", "EducationPortalApp.Business\EducationPortalApp.Business.csproj", "{30FFECDF-799F-4C06-8417-4671D77F4B55}"
EndProject
Project("{FAE04EC0-301F-11D3-BF4B-00C04F79EFBC}") = "EducationPortalApp.Shared", "EducationPortalApp.Shared\EducationPortalApp.Shared.csproj", "{1CB2E01F-AF86-4650-8408-D8887FA64C78}"
EndProject
Project("{FAE04EC0-301F-11D3-BF4B-00C04F79EFBC}") = "EducationPortalApp.API", "EducationPortalApp.API\EducationPortalApp.API.csproj", "{56A15D32-AD5F-4C8F-81EA-5C8DEEFBA9D8}"
EndProject
Project("{2150E333-8FDC-42A3-9474-1A3956D46DE8}") = "Frontends", "Frontends", "{9C39A13D-329E-4C60-8AA9-7D151E770C4B}"
EndProject
Project("{FAE04EC0-301F-11D3-BF4B-00C04F79EFBC}") = "EducationPortalApp.Web", "Frontends\EducationPortalApp.Web\EducationPortalApp.Web.csproj", "{ABE4BE1A-6B77-45B2-884A-E457028D28C8}"
EndProject
Global
	GlobalSection(SolutionConfigurationPlatforms) = preSolution
		Debug|Any CPU = Debug|Any CPU
		Release|Any CPU = Release|Any CPU
	EndGlobalSection
	GlobalSection(ProjectConfigurationPlatforms) = postSolution
		{F78CA1E8-0111-40D2-BFE7-BA2C226B25E3}.Debug|Any CPU.ActiveCfg = Debug|Any CPU
		{F78CA1E8-0111-40D2-BFE7-BA2C226B25E3}.Debug|Any CPU.Build.0 = Debug|Any CPU
		{F78CA1E8-0111-40D2-BFE7-BA2C226B25E3}.Release|Any CPU.ActiveCfg = Release|Any CPU
		{F78CA1E8-0111-40D2-BFE7-BA2C226B25E3}.Release|Any CPU.Build.0 = Release|Any CPU
		{D7840FA4-D1EF-49BE-A206-03120E68F81E}.Debug|Any CPU.ActiveCfg = Debug|Any CPU
		{D7840FA4-D1EF-49BE-A206-03120E68F81E}.Debug|Any CPU.Build.0 = Debug|Any CPU
		{D7840FA4-D1EF-49BE-A206-03120E68F81E}.Release|Any CPU.ActiveCfg = Release|Any CPU
		{D7840FA4-D1EF-49BE-A206-03120E68F81E}.Release|Any CPU.Build.0 = Release|Any CPU
		{C1DA9379-33E8-4B25-AAEF-496EA48B1019}.Debug|Any CPU.ActiveCfg = Debug|Any CPU
		{C1DA9379-33E8-4B25-AAEF-496EA48B1019}.Debug|Any CPU.Build.0 = Debug|Any CPU
		{C1DA9379-33E8-4B25-AAEF-496EA48B1019}.Release|Any CPU.ActiveCfg = Release|Any CPU
		{C1DA9379-33E8-4B25-AAEF-496EA48B1019}.Release|Any CPU.Build.0 = Release|Any CPU
		{30FFECDF-799F-4C06-8417-4671D77F4B55}.Debug|Any CPU.ActiveCfg = Debug|Any CPU
		{30FFECDF-799F-4C06-8417-4671D77F4B55}.Debug|Any CPU.Build.0 = Debug|Any CPU
		{30FFECDF-799F-4C06-8417-4671D77F4B55}.Release|Any CPU.ActiveCfg = Release|Any CPU
		{30FFECDF-799F-4C06-8417-4671D77F4B55}.Release|Any CPU.Build.0 = Release|Any CPU
		{1CB2E01F-AF86-4650-8408-D8887FA64C78}.Debug|Any CPU.ActiveCfg = Debug|Any CPU
		{1CB2E01F-AF86-4650-8408-D8887FA64C78}.Debug|Any CPU.Build.0 = Debug|Any CPU
		{1CB2E01F-AF86-4650-8408-D8887FA64C78}.Release|Any CPU.ActiveCfg = Release|Any CPU
		{1CB2E01F-AF86-4650-8408-D8887FA64C78}.Release|Any CPU.Build.0 = Release|Any CPU
		{56A15D32-AD5F-4C8F-81EA-5C8DEEFBA9D8}.Debug|Any CPU.ActiveCfg = Debug|Any CPU
		{56A15D32-AD5F-4C8F-81EA-5C8DEEFBA9D8}.Debug|Any CPU.Build.0 = Debug|Any CPU
		{56A15D32-AD5F-4C8F-81EA-5C8DEEFBA9D8}.Release|Any CPU.ActiveCfg = Release|Any CPU
		{56A15D32-AD5F-4C8F-81EA-5C8DEEFBA9D8}.Release|Any CPU.Build.0 = Release|Any CPU
		{ABE4BE1A-6B77-45B2-884A-E457028D28C8}.Debug|Any CPU.ActiveCfg = Debug|Any CPU
		{ABE4BE1A-6B77-45B2-884A-E457028D28C8}.Debug|Any CPU.Build.0 = Debug|Any CPU
		{ABE4BE1A-6B77-45B2-884A-E457028D28C8}.Release|Any CPU.ActiveCfg = Release|Any CPU
		{ABE4BE1A-6B77-45B2-884A-E457028D28C8}.Release|Any CPU.Build.0 = Release|Any CPU
	EndGlobalSection
	GlobalSection(SolutionProperties) = preSolution
		HideSolutionNode = FALSE
	EndGlobalSection
	GlobalSection(NestedProjects) = preSolution
		{ABE4BE1A-6B77-45B2-884A-E457028D28C8} = {9C39A13D-329E-4C60-8AA9-7D151E770C4B}
	EndGlobalSection
	GlobalSection(ExtensibilityGlobals) = postSolution
		SolutionGuid = {2322E5A5-0316-4519-BCBE-0256120E854E}
	EndGlobalSection
EndGlobal
